
Microsoft Visual Studio Solution File, Format Version 12.00
# Visual Studio Version 17
VisualStudioVersion = 17.14.36717.8 d17.14
MinimumVisualStudioVersion = 10.0.40219.1
Project("{FAE04EC0-301F-11D3-BF4B-00C04F79EFBC}") = "RPG_Skill_Planner", "RPG_Skill_Planner\RPG_Skill_Planner.csproj", "{4F314B68-966B-451A-A048-FA4AF687867F}"
EndProject
Global
	GlobalSection(SolutionConfigurationPlatforms) = preSolution
		Debug|Any CPU = Debug|Any CPU
		Release|Any CPU = Release|Any CPU
	EndGlobalSection
	GlobalSection(ProjectConfigurationPlatforms) = postSolution
		{4F314B68-966B-451A-A048-FA4AF687867F}.Debug|Any CPU.ActiveCfg = Debug|Any CPU
		{4F314B68-966B-451A-A048-FA4AF687867F}.Debug|Any CPU.Build.0 = Debug|Any CPU
		{4F314B68-966B-451A-A048-FA4AF687867F}.Release|Any CPU.ActiveCfg = Release|Any CPU
		{4F314B68-966B-451A-A048-FA4AF687867F}.Release|Any CPU.Build.0 = Release|Any CPU
	EndGlobalSection
	GlobalSection(SolutionProperties) = preSolution
		HideSolutionNode = FALSE
	EndGlobalSection
	GlobalSection(ExtensibilityGlobals) = postSolution
		SolutionGuid = {9F1B46F7-8DFB-4416-99F5-3402ECC7CAAA}
	EndGlobalSection
EndGlobal
